
Microsoft Visual Studio Solution File, Format Version 12.00
# Visual Studio Version 17
VisualStudioVersion = 17.7.34024.191
MinimumVisualStudioVersion = 10.0.40219.1
Project("{9A19103F-16F7-4668-BE54-9A1E7A4F7556}") = "Obligatorio1.WebApi", "Obligatorio1.WebApi\Obligatorio1.WebApi.csproj", "{350CA57E-37FD-4CAC-8F63-43167B1D2522}"
EndProject
Project("{9A19103F-16F7-4668-BE54-9A1E7A4F7556}") = "Obligatorio1.Domain", "Obligatorio1.Domain\Obligatorio1.Domain.csproj", "{83CA38D2-866D-4040-BD00-78CEB61EC12B}"
EndProject
Project("{9A19103F-16F7-4668-BE54-9A1E7A4F7556}") = "Obligatorio1.DataAccess", "Obligatorio1.DataAccess\Obligatorio1.DataAccess.csproj", "{280E7969-0568-4977-B4C2-7CE7634CD3A0}"
EndProject
Project("{9A19103F-16F7-4668-BE54-9A1E7A4F7556}") = "Obligatorio1.IBusinessLogic", "Obligatorio1.IBusinessLogic\Obligatorio1.IBusinessLogic.csproj", "{F8ED647B-75EE-46A5-B9C9-ED062211ACD2}"
EndProject
Project("{9A19103F-16F7-4668-BE54-9A1E7A4F7556}") = "Obligatorio1.IDataAccess", "Obligatorio1.IDataAccess\Obligatorio1.IDataAccess.csproj", "{576BDAA8-658E-4FB5-9B14-B7DB6695430E}"
EndProject
Project("{9A19103F-16F7-4668-BE54-9A1E7A4F7556}") = "Obligatorio1.BusinessLogic", "Obligatorio1.BusinessLogic\Obligatorio1.BusinessLogic.csproj", "{D39C7B4F-EAC9-4D6F-B905-BAEF6E537B05}"
EndProject
Project("{9A19103F-16F7-4668-BE54-9A1E7A4F7556}") = "Obligatorio1.DataAccess.Test", "Obligatorio1.DataAccess.Test\Obligatorio1.DataAccess.Test.csproj", "{2251644F-DFA4-40E4-BBDA-216F6B6B4ADC}"
EndProject
Project("{9A19103F-16F7-4668-BE54-9A1E7A4F7556}") = "Obligatorio1.BusinessLogic.Test", "Obligatorio1.BusinessLogic.Test\Obligatorio1.BusinessLogic.Test.csproj", "{DB9B358E-559D-4F7F-8B95-8A3EC00B43FD}"
EndProject
Project("{9A19103F-16F7-4668-BE54-9A1E7A4F7556}") = "Obligatorio1.Exceptions", "Obligatorio1.Exceptions\Obligatorio1.Exceptions.csproj", "{523EF694-0BE3-47E6-8409-D669ECF58566}"
EndProject
Project("{9A19103F-16F7-4668-BE54-9A1E7A4F7556}") = "Obligatorio1.WebApi.Test", "Obligatorio1.WebApi.Test\Obligatorio1.WebApi.Test.csproj", "{FA004F6D-4B43-4710-8968-23887D9056C7}"
EndProject
Project("{9A19103F-16F7-4668-BE54-9A1E7A4F7556}") = "Obligatorio1.ServiceFactory", "Obligatorio1.ServiceFactory\Obligatorio1.ServiceFactory.csproj", "{EA5B70A3-EE67-49B6-8FAF-BB5768CF284B}"
EndProject
Project("{FAE04EC0-301F-11D3-BF4B-00C04F79EFBC}") = "Obligatorio1.ThreeForOnePromo", "Obligatorio1.ThreeForOnePromo\Obligatorio1.ThreeForOnePromo.csproj", "{B48679E7-6322-4AFE-93E8-44055EB44D97}"
EndProject
Project("{FAE04EC0-301F-11D3-BF4B-00C04F79EFBC}") = "Obligatorio1.PromoInterface", "Obligatorio1.PromoInterface\Obligatorio1.PromoInterface.csproj", "{2265CADD-C128-448D-B8B0-7F0E519BFE11}"
EndProject
Global
	GlobalSection(SolutionConfigurationPlatforms) = preSolution
		Debug|Any CPU = Debug|Any CPU
		Release|Any CPU = Release|Any CPU
	EndGlobalSection
	GlobalSection(ProjectConfigurationPlatforms) = postSolution
		{350CA57E-37FD-4CAC-8F63-43167B1D2522}.Debug|Any CPU.ActiveCfg = Debug|Any CPU
		{350CA57E-37FD-4CAC-8F63-43167B1D2522}.Debug|Any CPU.Build.0 = Debug|Any CPU
		{350CA57E-37FD-4CAC-8F63-43167B1D2522}.Release|Any CPU.ActiveCfg = Release|Any CPU
		{350CA57E-37FD-4CAC-8F63-43167B1D2522}.Release|Any CPU.Build.0 = Release|Any CPU
		{83CA38D2-866D-4040-BD00-78CEB61EC12B}.Debug|Any CPU.ActiveCfg = Debug|Any CPU
		{83CA38D2-866D-4040-BD00-78CEB61EC12B}.Debug|Any CPU.Build.0 = Debug|Any CPU
		{83CA38D2-866D-4040-BD00-78CEB61EC12B}.Release|Any CPU.ActiveCfg = Release|Any CPU
		{83CA38D2-866D-4040-BD00-78CEB61EC12B}.Release|Any CPU.Build.0 = Release|Any CPU
		{280E7969-0568-4977-B4C2-7CE7634CD3A0}.Debug|Any CPU.ActiveCfg = Debug|Any CPU
		{280E7969-0568-4977-B4C2-7CE7634CD3A0}.Debug|Any CPU.Build.0 = Debug|Any CPU
		{280E7969-0568-4977-B4C2-7CE7634CD3A0}.Release|Any CPU.ActiveCfg = Release|Any CPU
		{280E7969-0568-4977-B4C2-7CE7634CD3A0}.Release|Any CPU.Build.0 = Release|Any CPU
		{F8ED647B-75EE-46A5-B9C9-ED062211ACD2}.Debug|Any CPU.ActiveCfg = Debug|Any CPU
		{F8ED647B-75EE-46A5-B9C9-ED062211ACD2}.Debug|Any CPU.Build.0 = Debug|Any CPU
		{F8ED647B-75EE-46A5-B9C9-ED062211ACD2}.Release|Any CPU.ActiveCfg = Release|Any CPU
		{F8ED647B-75EE-46A5-B9C9-ED062211ACD2}.Release|Any CPU.Build.0 = Release|Any CPU
		{576BDAA8-658E-4FB5-9B14-B7DB6695430E}.Debug|Any CPU.ActiveCfg = Debug|Any CPU
		{576BDAA8-658E-4FB5-9B14-B7DB6695430E}.Debug|Any CPU.Build.0 = Debug|Any CPU
		{576BDAA8-658E-4FB5-9B14-B7DB6695430E}.Release|Any CPU.ActiveCfg = Release|Any CPU
		{576BDAA8-658E-4FB5-9B14-B7DB6695430E}.Release|Any CPU.Build.0 = Release|Any CPU
		{D39C7B4F-EAC9-4D6F-B905-BAEF6E537B05}.Debug|Any CPU.ActiveCfg = Debug|Any CPU
		{D39C7B4F-EAC9-4D6F-B905-BAEF6E537B05}.Debug|Any CPU.Build.0 = Debug|Any CPU
		{D39C7B4F-EAC9-4D6F-B905-BAEF6E537B05}.Release|Any CPU.ActiveCfg = Release|Any CPU
		{D39C7B4F-EAC9-4D6F-B905-BAEF6E537B05}.Release|Any CPU.Build.0 = Release|Any CPU
		{2251644F-DFA4-40E4-BBDA-216F6B6B4ADC}.Debug|Any CPU.ActiveCfg = Debug|Any CPU
		{2251644F-DFA4-40E4-BBDA-216F6B6B4ADC}.Debug|Any CPU.Build.0 = Debug|Any CPU
		{2251644F-DFA4-40E4-BBDA-216F6B6B4ADC}.Release|Any CPU.ActiveCfg = Release|Any CPU
		{2251644F-DFA4-40E4-BBDA-216F6B6B4ADC}.Release|Any CPU.Build.0 = Release|Any CPU
		{DB9B358E-559D-4F7F-8B95-8A3EC00B43FD}.Debug|Any CPU.ActiveCfg = Debug|Any CPU
		{DB9B358E-559D-4F7F-8B95-8A3EC00B43FD}.Debug|Any CPU.Build.0 = Debug|Any CPU
		{DB9B358E-559D-4F7F-8B95-8A3EC00B43FD}.Release|Any CPU.ActiveCfg = Release|Any CPU
		{DB9B358E-559D-4F7F-8B95-8A3EC00B43FD}.Release|Any CPU.Build.0 = Release|Any CPU
		{523EF694-0BE3-47E6-8409-D669ECF58566}.Debug|Any CPU.ActiveCfg = Debug|Any CPU
		{523EF694-0BE3-47E6-8409-D669ECF58566}.Debug|Any CPU.Build.0 = Debug|Any CPU
		{523EF694-0BE3-47E6-8409-D669ECF58566}.Release|Any CPU.ActiveCfg = Release|Any CPU
		{523EF694-0BE3-47E6-8409-D669ECF58566}.Release|Any CPU.Build.0 = Release|Any CPU
		{FA004F6D-4B43-4710-8968-23887D9056C7}.Debug|Any CPU.ActiveCfg = Debug|Any CPU
		{FA004F6D-4B43-4710-8968-23887D9056C7}.Debug|Any CPU.Build.0 = Debug|Any CPU
		{FA004F6D-4B43-4710-8968-23887D9056C7}.Release|Any CPU.ActiveCfg = Release|Any CPU
		{FA004F6D-4B43-4710-8968-23887D9056C7}.Release|Any CPU.Build.0 = Release|Any CPU
		{EA5B70A3-EE67-49B6-8FAF-BB5768CF284B}.Debug|Any CPU.ActiveCfg = Debug|Any CPU
		{EA5B70A3-EE67-49B6-8FAF-BB5768CF284B}.Debug|Any CPU.Build.0 = Debug|Any CPU
		{EA5B70A3-EE67-49B6-8FAF-BB5768CF284B}.Release|Any CPU.ActiveCfg = Release|Any CPU
		{EA5B70A3-EE67-49B6-8FAF-BB5768CF284B}.Release|Any CPU.Build.0 = Release|Any CPU
		{B48679E7-6322-4AFE-93E8-44055EB44D97}.Debug|Any CPU.ActiveCfg = Debug|Any CPU
		{B48679E7-6322-4AFE-93E8-44055EB44D97}.Debug|Any CPU.Build.0 = Debug|Any CPU
		{B48679E7-6322-4AFE-93E8-44055EB44D97}.Release|Any CPU.ActiveCfg = Release|Any CPU
		{B48679E7-6322-4AFE-93E8-44055EB44D97}.Release|Any CPU.Build.0 = Release|Any CPU
		{2265CADD-C128-448D-B8B0-7F0E519BFE11}.Debug|Any CPU.ActiveCfg = Debug|Any CPU
		{2265CADD-C128-448D-B8B0-7F0E519BFE11}.Debug|Any CPU.Build.0 = Debug|Any CPU
		{2265CADD-C128-448D-B8B0-7F0E519BFE11}.Release|Any CPU.ActiveCfg = Release|Any CPU
		{2265CADD-C128-448D-B8B0-7F0E519BFE11}.Release|Any CPU.Build.0 = Release|Any CPU
	EndGlobalSection
	GlobalSection(SolutionProperties) = preSolution
		HideSolutionNode = FALSE
	EndGlobalSection
	GlobalSection(ExtensibilityGlobals) = postSolution
		SolutionGuid = {8563ADE2-DAEE-4A83-9CB2-3EF5BB3FDCF9}
	EndGlobalSection
EndGlobal
