
Microsoft Visual Studio Solution File, Format Version 12.00
# Visual Studio Version 17
VisualStudioVersion = 17.7.34024.191
MinimumVisualStudioVersion = 10.0.40219.1
Project("{9A19103F-16F7-4668-BE54-9A1E7A4F7556}") = "Obligatorio1.WebApi", "Obligatorio1.WebApi\Obligatorio1.WebApi.csproj", "{350CA57E-37FD-4CAC-8F63-43167B1D2522}"
EndProject
Project("{FAE04EC0-301F-11D3-BF4B-00C04F79EFBC}") = "Obligatorio1.Domain", "Obligatorio1.Domain\Obligatorio1.Domain.csproj", "{83CA38D2-866D-4040-BD00-78CEB61EC12B}"
EndProject
Project("{FAE04EC0-301F-11D3-BF4B-00C04F79EFBC}") = "Obligatorio1. BusinessLogic", "Obligatorio1. BusinessLogic\Obligatorio1. BusinessLogic.csproj", "{6ABAF00F-0229-4915-B6E9-86829A605198}"
EndProject
Project("{FAE04EC0-301F-11D3-BF4B-00C04F79EFBC}") = "Obligatorio1.DataAccess", "Obligatorio1.DataAccess\Obligatorio1.DataAccess.csproj", "{280E7969-0568-4977-B4C2-7CE7634CD3A0}"
EndProject
Project("{FAE04EC0-301F-11D3-BF4B-00C04F79EFBC}") = "Obligatorio1.IBusinessLogic", "Obligatorio1.IBusinessLogic\Obligatorio1.IBusinessLogic.csproj", "{F8ED647B-75EE-46A5-B9C9-ED062211ACD2}"
EndProject
Project("{FAE04EC0-301F-11D3-BF4B-00C04F79EFBC}") = "Obligatorio1.IDataAccess", "Obligatorio1.IDataAccess\Obligatorio1.IDataAccess.csproj", "{576BDAA8-658E-4FB5-9B14-B7DB6695430E}"
EndProject
Global
	GlobalSection(SolutionConfigurationPlatforms) = preSolution
		Debug|Any CPU = Debug|Any CPU
		Release|Any CPU = Release|Any CPU
	EndGlobalSection
	GlobalSection(ProjectConfigurationPlatforms) = postSolution
		{350CA57E-37FD-4CAC-8F63-43167B1D2522}.Debug|Any CPU.ActiveCfg = Debug|Any CPU
		{350CA57E-37FD-4CAC-8F63-43167B1D2522}.Debug|Any CPU.Build.0 = Debug|Any CPU
		{350CA57E-37FD-4CAC-8F63-43167B1D2522}.Release|Any CPU.ActiveCfg = Release|Any CPU
		{350CA57E-37FD-4CAC-8F63-43167B1D2522}.Release|Any CPU.Build.0 = Release|Any CPU
		{83CA38D2-866D-4040-BD00-78CEB61EC12B}.Debug|Any CPU.ActiveCfg = Debug|Any CPU
		{83CA38D2-866D-4040-BD00-78CEB61EC12B}.Debug|Any CPU.Build.0 = Debug|Any CPU
		{83CA38D2-866D-4040-BD00-78CEB61EC12B}.Release|Any CPU.ActiveCfg = Release|Any CPU
		{83CA38D2-866D-4040-BD00-78CEB61EC12B}.Release|Any CPU.Build.0 = Release|Any CPU
		{6ABAF00F-0229-4915-B6E9-86829A605198}.Debug|Any CPU.ActiveCfg = Debug|Any CPU
		{6ABAF00F-0229-4915-B6E9-86829A605198}.Debug|Any CPU.Build.0 = Debug|Any CPU
		{6ABAF00F-0229-4915-B6E9-86829A605198}.Release|Any CPU.ActiveCfg = Release|Any CPU
		{6ABAF00F-0229-4915-B6E9-86829A605198}.Release|Any CPU.Build.0 = Release|Any CPU
		{280E7969-0568-4977-B4C2-7CE7634CD3A0}.Debug|Any CPU.ActiveCfg = Debug|Any CPU
		{280E7969-0568-4977-B4C2-7CE7634CD3A0}.Debug|Any CPU.Build.0 = Debug|Any CPU
		{280E7969-0568-4977-B4C2-7CE7634CD3A0}.Release|Any CPU.ActiveCfg = Release|Any CPU
		{280E7969-0568-4977-B4C2-7CE7634CD3A0}.Release|Any CPU.Build.0 = Release|Any CPU
		{F8ED647B-75EE-46A5-B9C9-ED062211ACD2}.Debug|Any CPU.ActiveCfg = Debug|Any CPU
		{F8ED647B-75EE-46A5-B9C9-ED062211ACD2}.Debug|Any CPU.Build.0 = Debug|Any CPU
		{F8ED647B-75EE-46A5-B9C9-ED062211ACD2}.Release|Any CPU.ActiveCfg = Release|Any CPU
		{F8ED647B-75EE-46A5-B9C9-ED062211ACD2}.Release|Any CPU.Build.0 = Release|Any CPU
		{576BDAA8-658E-4FB5-9B14-B7DB6695430E}.Debug|Any CPU.ActiveCfg = Debug|Any CPU
		{576BDAA8-658E-4FB5-9B14-B7DB6695430E}.Debug|Any CPU.Build.0 = Debug|Any CPU
		{576BDAA8-658E-4FB5-9B14-B7DB6695430E}.Release|Any CPU.ActiveCfg = Release|Any CPU
		{576BDAA8-658E-4FB5-9B14-B7DB6695430E}.Release|Any CPU.Build.0 = Release|Any CPU
	EndGlobalSection
	GlobalSection(SolutionProperties) = preSolution
		HideSolutionNode = FALSE
	EndGlobalSection
	GlobalSection(ExtensibilityGlobals) = postSolution
		SolutionGuid = {8563ADE2-DAEE-4A83-9CB2-3EF5BB3FDCF9}
	EndGlobalSection
EndGlobal
