
Microsoft Visual Studio Solution File, Format Version 12.00
# Visual Studio Version 17
VisualStudioVersion = 17.7.34024.191
MinimumVisualStudioVersion = 10.0.40219.1
Project("{9A19103F-16F7-4668-BE54-9A1E7A4F7556}") = "Obligatorio1.WebApi", "Obligatorio1.WebApi\Obligatorio1.WebApi.csproj", "{350CA57E-37FD-4CAC-8F63-43167B1D2522}"
EndProject
Project("{9A19103F-16F7-4668-BE54-9A1E7A4F7556}") = "Obligatorio1.Domain", "Obligatorio1.Domain\Obligatorio1.Domain.csproj", "{83CA38D2-866D-4040-BD00-78CEB61EC12B}"
EndProject
Project("{9A19103F-16F7-4668-BE54-9A1E7A4F7556}") = "Obligatorio1. BusinessLogic.Test", "Obligatorio1. BusinessLogic\Obligatorio1. BusinessLogic.Test.csproj", "{6ABAF00F-0229-4915-B6E9-86829A605198}"
EndProject
Project("{9A19103F-16F7-4668-BE54-9A1E7A4F7556}") = "Obligatorio1.DataAccess", "Obligatorio1.DataAccess\Obligatorio1.DataAccess.csproj", "{280E7969-0568-4977-B4C2-7CE7634CD3A0}"
EndProject
Project("{9A19103F-16F7-4668-BE54-9A1E7A4F7556}") = "Obligatorio1.BusinessLogic", "Obligatorio1.BusinessLogic\Obligatorio1.BusinessLogic.csproj", "{D39C7B4F-EAC9-4D6F-B905-BAEF6E537B05}"
EndProject
Project("{9A19103F-16F7-4668-BE54-9A1E7A4F7556}") = "Obligatorio1.DataAccess.Test", "Obligatorio1.DataAccess.Test\Obligatorio1.DataAccess.Test.csproj", "{2251644F-DFA4-40E4-BBDA-216F6B6B4ADC}"
EndProject
Project("{9A19103F-16F7-4668-BE54-9A1E7A4F7556}") = "Obligatorio1.WebApi.Test", "Obligatorio1.WebApi.Test\Obligatorio1.WebApi.Test.csproj", "{124EE2CE-D756-453B-9E0E-65E111CA1078}"
EndProject
Project("{FAE04EC0-301F-11D3-BF4B-00C04F79EFBC}") = "Obligatorio1.Domain.Test", "Obligatorio1.Domain.Test\Obligatorio1.Domain.Test.csproj", "{8C26E590-86F6-4F87-9D9B-AB6AED9AA97E}"
EndProject
Global
	GlobalSection(SolutionConfigurationPlatforms) = preSolution
		Debug|Any CPU = Debug|Any CPU
		Release|Any CPU = Release|Any CPU
	EndGlobalSection
	GlobalSection(ProjectConfigurationPlatforms) = postSolution
		{350CA57E-37FD-4CAC-8F63-43167B1D2522}.Debug|Any CPU.ActiveCfg = Debug|Any CPU
		{350CA57E-37FD-4CAC-8F63-43167B1D2522}.Debug|Any CPU.Build.0 = Debug|Any CPU
		{350CA57E-37FD-4CAC-8F63-43167B1D2522}.Release|Any CPU.ActiveCfg = Release|Any CPU
		{350CA57E-37FD-4CAC-8F63-43167B1D2522}.Release|Any CPU.Build.0 = Release|Any CPU
		{83CA38D2-866D-4040-BD00-78CEB61EC12B}.Debug|Any CPU.ActiveCfg = Debug|Any CPU
		{83CA38D2-866D-4040-BD00-78CEB61EC12B}.Debug|Any CPU.Build.0 = Debug|Any CPU
		{83CA38D2-866D-4040-BD00-78CEB61EC12B}.Release|Any CPU.ActiveCfg = Release|Any CPU
		{83CA38D2-866D-4040-BD00-78CEB61EC12B}.Release|Any CPU.Build.0 = Release|Any CPU
		{6ABAF00F-0229-4915-B6E9-86829A605198}.Debug|Any CPU.ActiveCfg = Debug|Any CPU
		{6ABAF00F-0229-4915-B6E9-86829A605198}.Debug|Any CPU.Build.0 = Debug|Any CPU
		{6ABAF00F-0229-4915-B6E9-86829A605198}.Release|Any CPU.ActiveCfg = Release|Any CPU
		{6ABAF00F-0229-4915-B6E9-86829A605198}.Release|Any CPU.Build.0 = Release|Any CPU
		{280E7969-0568-4977-B4C2-7CE7634CD3A0}.Debug|Any CPU.ActiveCfg = Debug|Any CPU
		{280E7969-0568-4977-B4C2-7CE7634CD3A0}.Debug|Any CPU.Build.0 = Debug|Any CPU
		{280E7969-0568-4977-B4C2-7CE7634CD3A0}.Release|Any CPU.ActiveCfg = Release|Any CPU
		{280E7969-0568-4977-B4C2-7CE7634CD3A0}.Release|Any CPU.Build.0 = Release|Any CPU
		{D39C7B4F-EAC9-4D6F-B905-BAEF6E537B05}.Debug|Any CPU.ActiveCfg = Debug|Any CPU
		{D39C7B4F-EAC9-4D6F-B905-BAEF6E537B05}.Debug|Any CPU.Build.0 = Debug|Any CPU
		{D39C7B4F-EAC9-4D6F-B905-BAEF6E537B05}.Release|Any CPU.ActiveCfg = Release|Any CPU
		{D39C7B4F-EAC9-4D6F-B905-BAEF6E537B05}.Release|Any CPU.Build.0 = Release|Any CPU
		{2251644F-DFA4-40E4-BBDA-216F6B6B4ADC}.Debug|Any CPU.ActiveCfg = Debug|Any CPU
		{2251644F-DFA4-40E4-BBDA-216F6B6B4ADC}.Debug|Any CPU.Build.0 = Debug|Any CPU
		{2251644F-DFA4-40E4-BBDA-216F6B6B4ADC}.Release|Any CPU.ActiveCfg = Release|Any CPU
		{2251644F-DFA4-40E4-BBDA-216F6B6B4ADC}.Release|Any CPU.Build.0 = Release|Any CPU
		{124EE2CE-D756-453B-9E0E-65E111CA1078}.Debug|Any CPU.ActiveCfg = Debug|Any CPU
		{124EE2CE-D756-453B-9E0E-65E111CA1078}.Debug|Any CPU.Build.0 = Debug|Any CPU
		{124EE2CE-D756-453B-9E0E-65E111CA1078}.Release|Any CPU.ActiveCfg = Release|Any CPU
		{124EE2CE-D756-453B-9E0E-65E111CA1078}.Release|Any CPU.Build.0 = Release|Any CPU
		{8C26E590-86F6-4F87-9D9B-AB6AED9AA97E}.Debug|Any CPU.ActiveCfg = Debug|Any CPU
		{8C26E590-86F6-4F87-9D9B-AB6AED9AA97E}.Debug|Any CPU.Build.0 = Debug|Any CPU
		{8C26E590-86F6-4F87-9D9B-AB6AED9AA97E}.Release|Any CPU.ActiveCfg = Release|Any CPU
		{8C26E590-86F6-4F87-9D9B-AB6AED9AA97E}.Release|Any CPU.Build.0 = Release|Any CPU
	EndGlobalSection
	GlobalSection(SolutionProperties) = preSolution
		HideSolutionNode = FALSE
	EndGlobalSection
	GlobalSection(ExtensibilityGlobals) = postSolution
		SolutionGuid = {8563ADE2-DAEE-4A83-9CB2-3EF5BB3FDCF9}
	EndGlobalSection
EndGlobal
